
Microsoft Visual Studio Solution File, Format Version 12.00
# Visual Studio Version 17
VisualStudioVersion = 17.14.37216.2 d17.14
MinimumVisualStudioVersion = 10.0.40219.1
Project("{FAE04EC0-301F-11D3-BF4B-00C04F79EFBC}") = "Orbital simulator prototype", "Orbital simulator prototype\Orbital simulator prototype.csproj", "{651D44E7-93CE-442E-9211-D86A1D530244}"
EndProject
Global
	GlobalSection(SolutionConfigurationPlatforms) = preSolution
		Debug|Any CPU = Debug|Any CPU
		Release|Any CPU = Release|Any CPU
	EndGlobalSection
	GlobalSection(ProjectConfigurationPlatforms) = postSolution
		{651D44E7-93CE-442E-9211-D86A1D530244}.Debug|Any CPU.ActiveCfg = Debug|Any CPU
		{651D44E7-93CE-442E-9211-D86A1D530244}.Debug|Any CPU.Build.0 = Debug|Any CPU
		{651D44E7-93CE-442E-9211-D86A1D530244}.Release|Any CPU.ActiveCfg = Release|Any CPU
		{651D44E7-93CE-442E-9211-D86A1D530244}.Release|Any CPU.Build.0 = Release|Any CPU
	EndGlobalSection
	GlobalSection(SolutionProperties) = preSolution
		HideSolutionNode = FALSE
	EndGlobalSection
	GlobalSection(ExtensibilityGlobals) = postSolution
		SolutionGuid = {C5135907-0098-4257-8227-0546A5449A4B}
	EndGlobalSection
EndGlobal
